// !$*UTF8*$!
{
	archiveVersion = 1;
	classes = {
	};
	objectVersion = 55;
	objects = {

/* Begin PBXBuildFile section */
		351DE47F2769553200B75AB3 /* SignInWithGoogle.swift in Sources */ = {isa = PBXBuildFile; fileRef = 351DE47E2769553200B75AB3 /* SignInWithGoogle.swift */; };
		3520E249277DBDE900AB7C3A /* DataService.swift in Sources */ = {isa = PBXBuildFile; fileRef = 3520E248277DBDE900AB7C3A /* DataService.swift */; };
		3520E24B277FD53100AB7C3A /* LazyView.swift in Sources */ = {isa = PBXBuildFile; fileRef = 3520E24A277FD53100AB7C3A /* LazyView.swift */; };
		35232876276DA8890024E84D /* AuthService.swift in Sources */ = {isa = PBXBuildFile; fileRef = 35232875276DA8890024E84D /* AuthService.swift */; };
		35232878276DB51E0024E84D /* EnumsAndStructs.swift in Sources */ = {isa = PBXBuildFile; fileRef = 35232877276DB51E0024E84D /* EnumsAndStructs.swift */; };
		3523287B276F0B740024E84D /* ImageManager.swift in Sources */ = {isa = PBXBuildFile; fileRef = 3523287A276F0B740024E84D /* ImageManager.swift */; };
		353CC79927926CF700417E8E /* FirebaseAnalytics in Frameworks */ = {isa = PBXBuildFile; productRef = 353CC79827926CF700417E8E /* FirebaseAnalytics */; };
		353CC79B27926CF700417E8E /* FirebaseAuth in Frameworks */ = {isa = PBXBuildFile; productRef = 353CC79A27926CF700417E8E /* FirebaseAuth */; };
		353CC79D27926CF700417E8E /* FirebaseFirestore in Frameworks */ = {isa = PBXBuildFile; productRef = 353CC79C27926CF700417E8E /* FirebaseFirestore */; };
		353CC79F27926CF700417E8E /* FirebaseFirestoreSwift-Beta in Frameworks */ = {isa = PBXBuildFile; productRef = 353CC79E27926CF700417E8E /* FirebaseFirestoreSwift-Beta */; };
		353CC7A127926CF700417E8E /* FirebaseStorage in Frameworks */ = {isa = PBXBuildFile; productRef = 353CC7A027926CF700417E8E /* FirebaseStorage */; };
		353CC7A427926D4D00417E8E /* GoogleSignIn in Frameworks */ = {isa = PBXBuildFile; productRef = 353CC7A327926D4D00417E8E /* GoogleSignIn */; };
		353CC7A7279271E700417E8E /* PostViewModel.swift in Sources */ = {isa = PBXBuildFile; fileRef = 353CC7A6279271E700417E8E /* PostViewModel.swift */; };
		353CC7AB279272E000417E8E /* PostScreen.swift in Sources */ = {isa = PBXBuildFile; fileRef = 353CC7AA279272E000417E8E /* PostScreen.swift */; };
		353CC7AD2792754000417E8E /* PostsRepository.swift in Sources */ = {isa = PBXBuildFile; fileRef = 353CC7AC2792754000417E8E /* PostsRepository.swift */; };
		353CC7B027927DE300417E8E /* Task.swift in Sources */ = {isa = PBXBuildFile; fileRef = 353CC7AF27927DE300417E8E /* Task.swift */; };
		3543F7C52790ED490078B386 /* Comment.swift in Sources */ = {isa = PBXBuildFile; fileRef = 3543F7C42790ED490078B386 /* Comment.swift */; };
		356B9C63274E73B400543EF3 /* PostImageView.swift in Sources */ = {isa = PBXBuildFile; fileRef = 356B9C62274E73B400543EF3 /* PostImageView.swift */; };
		356B9C65274E78FD00543EF3 /* ProfileView.swift in Sources */ = {isa = PBXBuildFile; fileRef = 356B9C64274E78FD00543EF3 /* ProfileView.swift */; };
		356B9C67274E7A1A00543EF3 /* ProfileHeaderView.swift in Sources */ = {isa = PBXBuildFile; fileRef = 356B9C66274E7A1A00543EF3 /* ProfileHeaderView.swift */; };
		356CC63D27600576002A7B94 /* GoogleService-Info.plist in Resources */ = {isa = PBXBuildFile; fileRef = 356CC63C27600576002A7B94 /* GoogleService-Info.plist */; };
		356CC65427600CCA002A7B94 /* SignInWithApple.swift in Sources */ = {isa = PBXBuildFile; fileRef = 356CC65327600CCA002A7B94 /* SignInWithApple.swift */; };
		3580C6D22755135900035AF0 /* SettingsView.swift in Sources */ = {isa = PBXBuildFile; fileRef = 3580C6D12755135900035AF0 /* SettingsView.swift */; };
		3580C6D4275514D800035AF0 /* SettingsLabelView.swift in Sources */ = {isa = PBXBuildFile; fileRef = 3580C6D3275514D800035AF0 /* SettingsLabelView.swift */; };
		3580C6D627563F0900035AF0 /* SettingsRowView.swift in Sources */ = {isa = PBXBuildFile; fileRef = 3580C6D527563F0900035AF0 /* SettingsRowView.swift */; };
		3580C6D8275647AF00035AF0 /* SettingsEditTextView.swift in Sources */ = {isa = PBXBuildFile; fileRef = 3580C6D7275647AF00035AF0 /* SettingsEditTextView.swift */; };
		3580C6DA27564B6400035AF0 /* SettingsEditImageView.swift in Sources */ = {isa = PBXBuildFile; fileRef = 3580C6D927564B6400035AF0 /* SettingsEditImageView.swift */; };
		3580C6DC275651C200035AF0 /* SignUpView.swift in Sources */ = {isa = PBXBuildFile; fileRef = 3580C6DB275651C200035AF0 /* SignUpView.swift */; };
		35882426278BB82700167C46 /* ProfileViewModel.swift in Sources */ = {isa = PBXBuildFile; fileRef = 35882425278BB82700167C46 /* ProfileViewModel.swift */; };
		35882428278BBBBE00167C46 /* OnBoardingViewModel.swift in Sources */ = {isa = PBXBuildFile; fileRef = 35882427278BBBBE00167C46 /* OnBoardingViewModel.swift */; };
		3588242C278BBC8200167C46 /* OnBoardingScreen.swift in Sources */ = {isa = PBXBuildFile; fileRef = 3588242B278BBC8200167C46 /* OnBoardingScreen.swift */; };
		35882430278BC56300167C46 /* SignInResult.swift in Sources */ = {isa = PBXBuildFile; fileRef = 3588242F278BC56300167C46 /* SignInResult.swift */; };
		35882435278BCC3A00167C46 /* EventDispatcher.swift in Sources */ = {isa = PBXBuildFile; fileRef = 35882434278BCC3A00167C46 /* EventDispatcher.swift */; };
		35882437278BCC5800167C46 /* Events.swift in Sources */ = {isa = PBXBuildFile; fileRef = 35882436278BCC5800167C46 /* Events.swift */; };
		35889FE7278FA25800DF5DE0 /* Post.swift in Sources */ = {isa = PBXBuildFile; fileRef = 35889FE6278FA25800DF5DE0 /* Post.swift */; };
		359EB71B27847FA8004B3EA2 /* AnalyticsService.swift in Sources */ = {isa = PBXBuildFile; fileRef = 359EB71A27847FA8004B3EA2 /* AnalyticsService.swift */; };
		359EB71D27890B07004B3EA2 /* SettingsFeedbackView.swift in Sources */ = {isa = PBXBuildFile; fileRef = 359EB71C27890B07004B3EA2 /* SettingsFeedbackView.swift */; };
		359EB71F27890FFC004B3EA2 /* LoggedInGuard.swift in Sources */ = {isa = PBXBuildFile; fileRef = 359EB71E27890FFC004B3EA2 /* LoggedInGuard.swift */; };
		359EB72127891571004B3EA2 /* UnlikeAnimationView.swift in Sources */ = {isa = PBXBuildFile; fileRef = 359EB72027891571004B3EA2 /* UnlikeAnimationView.swift */; };
		359EB726278A86C0004B3EA2 /* AuthRepository.swift in Sources */ = {isa = PBXBuildFile; fileRef = 359EB725278A86C0004B3EA2 /* AuthRepository.swift */; };
		359EB728278A8798004B3EA2 /* DogGramStorage.swift in Sources */ = {isa = PBXBuildFile; fileRef = 359EB727278A8798004B3EA2 /* DogGramStorage.swift */; };
		359EB72B278A88F0004B3EA2 /* User.swift in Sources */ = {isa = PBXBuildFile; fileRef = 359EB72A278A88F0004B3EA2 /* User.swift */; };
		359EB731278A9790004B3EA2 /* UsersRepository.swift in Sources */ = {isa = PBXBuildFile; fileRef = 359EB730278A9790004B3EA2 /* UsersRepository.swift */; };
		359EB735278A9FC4004B3EA2 /* Errors.swift in Sources */ = {isa = PBXBuildFile; fileRef = 359EB734278A9FC4004B3EA2 /* Errors.swift */; };
		359EB737278AA207004B3EA2 /* ImagesRepository.swift in Sources */ = {isa = PBXBuildFile; fileRef = 359EB736278AA207004B3EA2 /* ImagesRepository.swift */; };
		359EB73B278BAF4D004B3EA2 /* UIImage+Ext.swift in Sources */ = {isa = PBXBuildFile; fileRef = 359EB73A278BAF4D004B3EA2 /* UIImage+Ext.swift */; };
		359EB73E278BB295004B3EA2 /* AppModule.swift in Sources */ = {isa = PBXBuildFile; fileRef = 359EB73D278BB295004B3EA2 /* AppModule.swift */; };
		35A33E03274677CD005F29D5 /* DogGramApp.swift in Sources */ = {isa = PBXBuildFile; fileRef = 35A33E02274677CD005F29D5 /* DogGramApp.swift */; };
		35A33E05274677CD005F29D5 /* ContentView.swift in Sources */ = {isa = PBXBuildFile; fileRef = 35A33E04274677CD005F29D5 /* ContentView.swift */; };
		35A33E07274677CD005F29D5 /* Assets.xcassets in Resources */ = {isa = PBXBuildFile; fileRef = 35A33E06274677CD005F29D5 /* Assets.xcassets */; };
		35A33E0A274677CD005F29D5 /* Preview Assets.xcassets in Resources */ = {isa = PBXBuildFile; fileRef = 35A33E09274677CD005F29D5 /* Preview Assets.xcassets */; };
		35A33E11274687E6005F29D5 /* Launch Screen.storyboard in Resources */ = {isa = PBXBuildFile; fileRef = 35A33E10274687E6005F29D5 /* Launch Screen.storyboard */; };
		35A33E1727468B9D005F29D5 /* Extensions.swift in Sources */ = {isa = PBXBuildFile; fileRef = 35A33E1627468B9D005F29D5 /* Extensions.swift */; };
		35A33E1927468C8C005F29D5 /* FeedView.swift in Sources */ = {isa = PBXBuildFile; fileRef = 35A33E1827468C8C005F29D5 /* FeedView.swift */; };
		35A33E1B274693E8005F29D5 /* PostView.swift in Sources */ = {isa = PBXBuildFile; fileRef = 35A33E1A274693E8005F29D5 /* PostView.swift */; };
		35A33E202747D884005F29D5 /* PostModel.swift in Sources */ = {isa = PBXBuildFile; fileRef = 35A33E1F2747D884005F29D5 /* PostModel.swift */; };
		35A33E222747DACD005F29D5 /* PostArrayObject.swift in Sources */ = {isa = PBXBuildFile; fileRef = 35A33E212747DACD005F29D5 /* PostArrayObject.swift */; };
		35A33E242747DE25005F29D5 /* CommentsView.swift in Sources */ = {isa = PBXBuildFile; fileRef = 35A33E232747DE25005F29D5 /* CommentsView.swift */; };
		35A33E262747E060005F29D5 /* MessageView.swift in Sources */ = {isa = PBXBuildFile; fileRef = 35A33E252747E060005F29D5 /* MessageView.swift */; };
		35A33E282747E193005F29D5 /* CommentModel.swift in Sources */ = {isa = PBXBuildFile; fileRef = 35A33E272747E193005F29D5 /* CommentModel.swift */; };
		35A33E30274A160F005F29D5 /* BrowseView.swift in Sources */ = {isa = PBXBuildFile; fileRef = 35A33E2F274A160F005F29D5 /* BrowseView.swift */; };
		35A33E32274A16AA005F29D5 /* CarouselView.swift in Sources */ = {isa = PBXBuildFile; fileRef = 35A33E31274A16AA005F29D5 /* CarouselView.swift */; };
		35A33E34274A1C3A005F29D5 /* ImageGridView.swift in Sources */ = {isa = PBXBuildFile; fileRef = 35A33E33274A1C3A005F29D5 /* ImageGridView.swift */; };
		35A33E36274A21A0005F29D5 /* UploadView.swift in Sources */ = {isa = PBXBuildFile; fileRef = 35A33E35274A21A0005F29D5 /* UploadView.swift */; };
		35A33E38274A2423005F29D5 /* ImagePicker.swift in Sources */ = {isa = PBXBuildFile; fileRef = 35A33E37274A2423005F29D5 /* ImagePicker.swift */; };
		35B28D44275C29F5009A9EDB /* OnBoardingView.swift in Sources */ = {isa = PBXBuildFile; fileRef = 35B28D43275C29F5009A9EDB /* OnBoardingView.swift */; };
		35B28D46275C2B98009A9EDB /* SignInWithAppleButtonCustom.swift in Sources */ = {isa = PBXBuildFile; fileRef = 35B28D45275C2B98009A9EDB /* SignInWithAppleButtonCustom.swift */; };
		35B28D48275C2D48009A9EDB /* OnBoardingViewPart2.swift in Sources */ = {isa = PBXBuildFile; fileRef = 35B28D47275C2D48009A9EDB /* OnBoardingViewPart2.swift */; };
		35B28D4A275CE73B009A9EDB /* LikeAnimationView.swift in Sources */ = {isa = PBXBuildFile; fileRef = 35B28D49275CE73B009A9EDB /* LikeAnimationView.swift */; };
		35EF9A2B278CFE9500E12E2A /* ProfileScreen.swift in Sources */ = {isa = PBXBuildFile; fileRef = 35EF9A2A278CFE9500E12E2A /* ProfileScreen.swift */; };
		35EF9A2D278CFEE800E12E2A /* ProfileViewType.swift in Sources */ = {isa = PBXBuildFile; fileRef = 35EF9A2C278CFEE800E12E2A /* ProfileViewType.swift */; };
/* End PBXBuildFile section */

/* Begin PBXFileReference section */
		351DE47D276953A300B75AB3 /* Info.plist */ = {isa = PBXFileReference; lastKnownFileType = text.plist; path = Info.plist; sourceTree = "<group>"; };
		351DE47E2769553200B75AB3 /* SignInWithGoogle.swift */ = {isa = PBXFileReference; lastKnownFileType = sourcecode.swift; path = SignInWithGoogle.swift; sourceTree = "<group>"; };
		3520E248277DBDE900AB7C3A /* DataService.swift */ = {isa = PBXFileReference; lastKnownFileType = sourcecode.swift; path = DataService.swift; sourceTree = "<group>"; };
		3520E24A277FD53100AB7C3A /* LazyView.swift */ = {isa = PBXFileReference; lastKnownFileType = sourcecode.swift; path = LazyView.swift; sourceTree = "<group>"; };
		35232875276DA8890024E84D /* AuthService.swift */ = {isa = PBXFileReference; lastKnownFileType = sourcecode.swift; path = AuthService.swift; sourceTree = "<group>"; };
		35232877276DB51E0024E84D /* EnumsAndStructs.swift */ = {isa = PBXFileReference; lastKnownFileType = sourcecode.swift; path = EnumsAndStructs.swift; sourceTree = "<group>"; };
		3523287A276F0B740024E84D /* ImageManager.swift */ = {isa = PBXFileReference; lastKnownFileType = sourcecode.swift; path = ImageManager.swift; sourceTree = "<group>"; };
		353CC74F279266B100417E8E /* GoogleAppMeasurementIdentitySupport.xcframework */ = {isa = PBXFileReference; lastKnownFileType = wrapper.xcframework; name = GoogleAppMeasurementIdentitySupport.xcframework; path = Firebase/FirebaseAnalytics/GoogleAppMeasurementIdentitySupport.xcframework; sourceTree = "<group>"; };
		353CC750279266B100417E8E /* GoogleAppMeasurement.xcframework */ = {isa = PBXFileReference; lastKnownFileType = wrapper.xcframework; name = GoogleAppMeasurement.xcframework; path = Firebase/FirebaseAnalytics/GoogleAppMeasurement.xcframework; sourceTree = "<group>"; };
		353CC751279266B100417E8E /* FirebaseCore.xcframework */ = {isa = PBXFileReference; lastKnownFileType = wrapper.xcframework; name = FirebaseCore.xcframework; path = Firebase/FirebaseAnalytics/FirebaseCore.xcframework; sourceTree = "<group>"; };
		353CC752279266B100417E8E /* GoogleUtilities.xcframework */ = {isa = PBXFileReference; lastKnownFileType = wrapper.xcframework; name = GoogleUtilities.xcframework; path = Firebase/FirebaseAnalytics/GoogleUtilities.xcframework; sourceTree = "<group>"; };
		353CC753279266B100417E8E /* nanopb.xcframework */ = {isa = PBXFileReference; lastKnownFileType = wrapper.xcframework; name = nanopb.xcframework; path = Firebase/FirebaseAnalytics/nanopb.xcframework; sourceTree = "<group>"; };
		353CC754279266B100417E8E /* FirebaseCoreDiagnostics.xcframework */ = {isa = PBXFileReference; lastKnownFileType = wrapper.xcframework; name = FirebaseCoreDiagnostics.xcframework; path = Firebase/FirebaseAnalytics/FirebaseCoreDiagnostics.xcframework; sourceTree = "<group>"; };
		353CC755279266B100417E8E /* FirebaseInstallations.xcframework */ = {isa = PBXFileReference; lastKnownFileType = wrapper.xcframework; name = FirebaseInstallations.xcframework; path = Firebase/FirebaseAnalytics/FirebaseInstallations.xcframework; sourceTree = "<group>"; };
		353CC756279266B100417E8E /* FirebaseAnalytics.xcframework */ = {isa = PBXFileReference; lastKnownFileType = wrapper.xcframework; name = FirebaseAnalytics.xcframework; path = Firebase/FirebaseAnalytics/FirebaseAnalytics.xcframework; sourceTree = "<group>"; };
		353CC757279266B100417E8E /* GoogleDataTransport.xcframework */ = {isa = PBXFileReference; lastKnownFileType = wrapper.xcframework; name = GoogleDataTransport.xcframework; path = Firebase/FirebaseAnalytics/GoogleDataTransport.xcframework; sourceTree = "<group>"; };
		353CC758279266B100417E8E /* PromisesObjC.xcframework */ = {isa = PBXFileReference; lastKnownFileType = wrapper.xcframework; name = PromisesObjC.xcframework; path = Firebase/FirebaseAnalytics/PromisesObjC.xcframework; sourceTree = "<group>"; };
		353CC76E279266BF00417E8E /* FirebaseAuth.xcframework */ = {isa = PBXFileReference; lastKnownFileType = wrapper.xcframework; name = FirebaseAuth.xcframework; path = Firebase/FirebaseAuth/FirebaseAuth.xcframework; sourceTree = "<group>"; };
		353CC76F279266BF00417E8E /* GTMSessionFetcher.xcframework */ = {isa = PBXFileReference; lastKnownFileType = wrapper.xcframework; name = GTMSessionFetcher.xcframework; path = Firebase/FirebaseAuth/GTMSessionFetcher.xcframework; sourceTree = "<group>"; };
		353CC7742792670400417E8E /* FirebaseFirestore.xcframework */ = {isa = PBXFileReference; lastKnownFileType = wrapper.xcframework; name = FirebaseFirestore.xcframework; path = Firebase/FirebaseFirestore/FirebaseFirestore.xcframework; sourceTree = "<group>"; };
		353CC7752792670400417E8E /* leveldb-library.xcframework */ = {isa = PBXFileReference; lastKnownFileType = wrapper.xcframework; name = "leveldb-library.xcframework"; path = "Firebase/FirebaseFirestore/leveldb-library.xcframework"; sourceTree = "<group>"; };
		353CC7762792670400417E8E /* BoringSSL-GRPC.xcframework */ = {isa = PBXFileReference; lastKnownFileType = wrapper.xcframework; name = "BoringSSL-GRPC.xcframework"; path = "Firebase/FirebaseFirestore/BoringSSL-GRPC.xcframework"; sourceTree = "<group>"; };
		353CC7772792670400417E8E /* abseil.xcframework */ = {isa = PBXFileReference; lastKnownFileType = wrapper.xcframework; name = abseil.xcframework; path = Firebase/FirebaseFirestore/abseil.xcframework; sourceTree = "<group>"; };
		353CC7782792670400417E8E /* gRPC-C++.xcframework */ = {isa = PBXFileReference; lastKnownFileType = wrapper.xcframework; name = "gRPC-C++.xcframework"; path = "Firebase/FirebaseFirestore/gRPC-C++.xcframework"; sourceTree = "<group>"; };
		353CC7792792670400417E8E /* gRPC-Core.xcframework */ = {isa = PBXFileReference; lastKnownFileType = wrapper.xcframework; name = "gRPC-Core.xcframework"; path = "Firebase/FirebaseFirestore/gRPC-Core.xcframework"; sourceTree = "<group>"; };
		353CC7872792671300417E8E /* FirebaseStorage.xcframework */ = {isa = PBXFileReference; lastKnownFileType = wrapper.xcframework; path = FirebaseStorage.xcframework; sourceTree = "<group>"; };
		353CC7882792671300417E8E /* GTMSessionFetcher.xcframework */ = {isa = PBXFileReference; lastKnownFileType = wrapper.xcframework; path = GTMSessionFetcher.xcframework; sourceTree = "<group>"; };
		353CC7892792672200417E8E /* GoogleSignIn.xcframework */ = {isa = PBXFileReference; lastKnownFileType = wrapper.xcframework; name = GoogleSignIn.xcframework; path = Firebase/GoogleSignIn/GoogleSignIn.xcframework; sourceTree = "<group>"; };
		353CC78A2792672200417E8E /* GTMAppAuth.xcframework */ = {isa = PBXFileReference; lastKnownFileType = wrapper.xcframework; name = GTMAppAuth.xcframework; path = Firebase/GoogleSignIn/GTMAppAuth.xcframework; sourceTree = "<group>"; };
		353CC78B2792672200417E8E /* AppAuth.xcframework */ = {isa = PBXFileReference; lastKnownFileType = wrapper.xcframework; name = AppAuth.xcframework; path = Firebase/GoogleSignIn/AppAuth.xcframework; sourceTree = "<group>"; };
		353CC78C2792672200417E8E /* GTMSessionFetcher.xcframework */ = {isa = PBXFileReference; lastKnownFileType = wrapper.xcframework; name = GTMSessionFetcher.xcframework; path = Firebase/GoogleSignIn/GTMSessionFetcher.xcframework; sourceTree = "<group>"; };
		353CC78E2792672200417E8E /* GoogleSignIn.bundle */ = {isa = PBXFileReference; lastKnownFileType = "wrapper.plug-in"; path = GoogleSignIn.bundle; sourceTree = "<group>"; };
		353CC7A6279271E700417E8E /* PostViewModel.swift */ = {isa = PBXFileReference; lastKnownFileType = sourcecode.swift; path = PostViewModel.swift; sourceTree = "<group>"; };
		353CC7AA279272E000417E8E /* PostScreen.swift */ = {isa = PBXFileReference; lastKnownFileType = sourcecode.swift; path = PostScreen.swift; sourceTree = "<group>"; };
		353CC7AC2792754000417E8E /* PostsRepository.swift */ = {isa = PBXFileReference; lastKnownFileType = sourcecode.swift; path = PostsRepository.swift; sourceTree = "<group>"; };
		353CC7AF27927DE300417E8E /* Task.swift */ = {isa = PBXFileReference; lastKnownFileType = sourcecode.swift; path = Task.swift; sourceTree = "<group>"; };
		3543F7C42790ED490078B386 /* Comment.swift */ = {isa = PBXFileReference; lastKnownFileType = sourcecode.swift; path = Comment.swift; sourceTree = "<group>"; };
		356B9C62274E73B400543EF3 /* PostImageView.swift */ = {isa = PBXFileReference; lastKnownFileType = sourcecode.swift; path = PostImageView.swift; sourceTree = "<group>"; };
		356B9C64274E78FD00543EF3 /* ProfileView.swift */ = {isa = PBXFileReference; lastKnownFileType = sourcecode.swift; path = ProfileView.swift; sourceTree = "<group>"; };
		356B9C66274E7A1A00543EF3 /* ProfileHeaderView.swift */ = {isa = PBXFileReference; lastKnownFileType = sourcecode.swift; path = ProfileHeaderView.swift; sourceTree = "<group>"; };
		356CC63C27600576002A7B94 /* GoogleService-Info.plist */ = {isa = PBXFileReference; fileEncoding = 4; lastKnownFileType = text.plist.xml; path = "GoogleService-Info.plist"; sourceTree = "<group>"; };
		356CC65327600CCA002A7B94 /* SignInWithApple.swift */ = {isa = PBXFileReference; lastKnownFileType = sourcecode.swift; path = SignInWithApple.swift; sourceTree = "<group>"; };
		3580C6D12755135900035AF0 /* SettingsView.swift */ = {isa = PBXFileReference; lastKnownFileType = sourcecode.swift; path = SettingsView.swift; sourceTree = "<group>"; };
		3580C6D3275514D800035AF0 /* SettingsLabelView.swift */ = {isa = PBXFileReference; lastKnownFileType = sourcecode.swift; path = SettingsLabelView.swift; sourceTree = "<group>"; };
		3580C6D527563F0900035AF0 /* SettingsRowView.swift */ = {isa = PBXFileReference; lastKnownFileType = sourcecode.swift; path = SettingsRowView.swift; sourceTree = "<group>"; };
		3580C6D7275647AF00035AF0 /* SettingsEditTextView.swift */ = {isa = PBXFileReference; lastKnownFileType = sourcecode.swift; path = SettingsEditTextView.swift; sourceTree = "<group>"; };
		3580C6D927564B6400035AF0 /* SettingsEditImageView.swift */ = {isa = PBXFileReference; lastKnownFileType = sourcecode.swift; path = SettingsEditImageView.swift; sourceTree = "<group>"; };
		3580C6DB275651C200035AF0 /* SignUpView.swift */ = {isa = PBXFileReference; lastKnownFileType = sourcecode.swift; path = SignUpView.swift; sourceTree = "<group>"; };
		35882425278BB82700167C46 /* ProfileViewModel.swift */ = {isa = PBXFileReference; lastKnownFileType = sourcecode.swift; path = ProfileViewModel.swift; sourceTree = "<group>"; };
		35882427278BBBBE00167C46 /* OnBoardingViewModel.swift */ = {isa = PBXFileReference; lastKnownFileType = sourcecode.swift; path = OnBoardingViewModel.swift; sourceTree = "<group>"; };
		3588242B278BBC8200167C46 /* OnBoardingScreen.swift */ = {isa = PBXFileReference; lastKnownFileType = sourcecode.swift; path = OnBoardingScreen.swift; sourceTree = "<group>"; };
		3588242F278BC56300167C46 /* SignInResult.swift */ = {isa = PBXFileReference; lastKnownFileType = sourcecode.swift; path = SignInResult.swift; sourceTree = "<group>"; };
		35882434278BCC3A00167C46 /* EventDispatcher.swift */ = {isa = PBXFileReference; lastKnownFileType = sourcecode.swift; path = EventDispatcher.swift; sourceTree = "<group>"; };
		35882436278BCC5800167C46 /* Events.swift */ = {isa = PBXFileReference; lastKnownFileType = sourcecode.swift; path = Events.swift; sourceTree = "<group>"; };
		35889FE6278FA25800DF5DE0 /* Post.swift */ = {isa = PBXFileReference; lastKnownFileType = sourcecode.swift; path = Post.swift; sourceTree = "<group>"; };
		359EB71A27847FA8004B3EA2 /* AnalyticsService.swift */ = {isa = PBXFileReference; lastKnownFileType = sourcecode.swift; path = AnalyticsService.swift; sourceTree = "<group>"; };
		359EB71C27890B07004B3EA2 /* SettingsFeedbackView.swift */ = {isa = PBXFileReference; lastKnownFileType = sourcecode.swift; path = SettingsFeedbackView.swift; sourceTree = "<group>"; };
		359EB71E27890FFC004B3EA2 /* LoggedInGuard.swift */ = {isa = PBXFileReference; lastKnownFileType = sourcecode.swift; path = LoggedInGuard.swift; sourceTree = "<group>"; };
		359EB72027891571004B3EA2 /* UnlikeAnimationView.swift */ = {isa = PBXFileReference; lastKnownFileType = sourcecode.swift; path = UnlikeAnimationView.swift; sourceTree = "<group>"; };
		359EB725278A86C0004B3EA2 /* AuthRepository.swift */ = {isa = PBXFileReference; lastKnownFileType = sourcecode.swift; path = AuthRepository.swift; sourceTree = "<group>"; };
		359EB727278A8798004B3EA2 /* DogGramStorage.swift */ = {isa = PBXFileReference; lastKnownFileType = sourcecode.swift; path = DogGramStorage.swift; sourceTree = "<group>"; };
		359EB72A278A88F0004B3EA2 /* User.swift */ = {isa = PBXFileReference; lastKnownFileType = sourcecode.swift; path = User.swift; sourceTree = "<group>"; };
		359EB730278A9790004B3EA2 /* UsersRepository.swift */ = {isa = PBXFileReference; lastKnownFileType = sourcecode.swift; path = UsersRepository.swift; sourceTree = "<group>"; };
		359EB734278A9FC4004B3EA2 /* Errors.swift */ = {isa = PBXFileReference; lastKnownFileType = sourcecode.swift; path = Errors.swift; sourceTree = "<group>"; };
		359EB736278AA207004B3EA2 /* ImagesRepository.swift */ = {isa = PBXFileReference; lastKnownFileType = sourcecode.swift; path = ImagesRepository.swift; sourceTree = "<group>"; };
		359EB73A278BAF4D004B3EA2 /* UIImage+Ext.swift */ = {isa = PBXFileReference; lastKnownFileType = sourcecode.swift; path = "UIImage+Ext.swift"; sourceTree = "<group>"; };
		359EB73D278BB295004B3EA2 /* AppModule.swift */ = {isa = PBXFileReference; lastKnownFileType = sourcecode.swift; path = AppModule.swift; sourceTree = "<group>"; };
		35A33DFF274677CD005F29D5 /* DogGram.app */ = {isa = PBXFileReference; explicitFileType = wrapper.application; includeInIndex = 0; path = DogGram.app; sourceTree = BUILT_PRODUCTS_DIR; };
		35A33E02274677CD005F29D5 /* DogGramApp.swift */ = {isa = PBXFileReference; lastKnownFileType = sourcecode.swift; path = DogGramApp.swift; sourceTree = "<group>"; };
		35A33E04274677CD005F29D5 /* ContentView.swift */ = {isa = PBXFileReference; lastKnownFileType = sourcecode.swift; path = ContentView.swift; sourceTree = "<group>"; };
		35A33E06274677CD005F29D5 /* Assets.xcassets */ = {isa = PBXFileReference; lastKnownFileType = folder.assetcatalog; path = Assets.xcassets; sourceTree = "<group>"; };
		35A33E09274677CD005F29D5 /* Preview Assets.xcassets */ = {isa = PBXFileReference; lastKnownFileType = folder.assetcatalog; path = "Preview Assets.xcassets"; sourceTree = "<group>"; };
		35A33E10274687E6005F29D5 /* Launch Screen.storyboard */ = {isa = PBXFileReference; lastKnownFileType = file.storyboard; path = "Launch Screen.storyboard"; sourceTree = "<group>"; };
		35A33E1627468B9D005F29D5 /* Extensions.swift */ = {isa = PBXFileReference; lastKnownFileType = sourcecode.swift; path = Extensions.swift; sourceTree = "<group>"; };
		35A33E1827468C8C005F29D5 /* FeedView.swift */ = {isa = PBXFileReference; lastKnownFileType = sourcecode.swift; path = FeedView.swift; sourceTree = "<group>"; };
		35A33E1A274693E8005F29D5 /* PostView.swift */ = {isa = PBXFileReference; lastKnownFileType = sourcecode.swift; path = PostView.swift; sourceTree = "<group>"; };
		35A33E1F2747D884005F29D5 /* PostModel.swift */ = {isa = PBXFileReference; lastKnownFileType = sourcecode.swift; path = PostModel.swift; sourceTree = "<group>"; };
		35A33E212747DACD005F29D5 /* PostArrayObject.swift */ = {isa = PBXFileReference; lastKnownFileType = sourcecode.swift; path = PostArrayObject.swift; sourceTree = "<group>"; };
		35A33E232747DE25005F29D5 /* CommentsView.swift */ = {isa = PBXFileReference; lastKnownFileType = sourcecode.swift; path = CommentsView.swift; sourceTree = "<group>"; };
		35A33E252747E060005F29D5 /* MessageView.swift */ = {isa = PBXFileReference; lastKnownFileType = sourcecode.swift; path = MessageView.swift; sourceTree = "<group>"; };
		35A33E272747E193005F29D5 /* CommentModel.swift */ = {isa = PBXFileReference; lastKnownFileType = sourcecode.swift; path = CommentModel.swift; sourceTree = "<group>"; };
		35A33E2F274A160F005F29D5 /* BrowseView.swift */ = {isa = PBXFileReference; lastKnownFileType = sourcecode.swift; path = BrowseView.swift; sourceTree = "<group>"; };
		35A33E31274A16AA005F29D5 /* CarouselView.swift */ = {isa = PBXFileReference; lastKnownFileType = sourcecode.swift; path = CarouselView.swift; sourceTree = "<group>"; };
		35A33E33274A1C3A005F29D5 /* ImageGridView.swift */ = {isa = PBXFileReference; lastKnownFileType = sourcecode.swift; path = ImageGridView.swift; sourceTree = "<group>"; };
		35A33E35274A21A0005F29D5 /* UploadView.swift */ = {isa = PBXFileReference; lastKnownFileType = sourcecode.swift; path = UploadView.swift; sourceTree = "<group>"; };
		35A33E37274A2423005F29D5 /* ImagePicker.swift */ = {isa = PBXFileReference; lastKnownFileType = sourcecode.swift; path = ImagePicker.swift; sourceTree = "<group>"; };
		35B28D43275C29F5009A9EDB /* OnBoardingView.swift */ = {isa = PBXFileReference; lastKnownFileType = sourcecode.swift; path = OnBoardingView.swift; sourceTree = "<group>"; };
		35B28D45275C2B98009A9EDB /* SignInWithAppleButtonCustom.swift */ = {isa = PBXFileReference; lastKnownFileType = sourcecode.swift; path = SignInWithAppleButtonCustom.swift; sourceTree = "<group>"; };
		35B28D47275C2D48009A9EDB /* OnBoardingViewPart2.swift */ = {isa = PBXFileReference; lastKnownFileType = sourcecode.swift; path = OnBoardingViewPart2.swift; sourceTree = "<group>"; };
		35B28D49275CE73B009A9EDB /* LikeAnimationView.swift */ = {isa = PBXFileReference; lastKnownFileType = sourcecode.swift; path = LikeAnimationView.swift; sourceTree = "<group>"; };
		35EF9A2A278CFE9500E12E2A /* ProfileScreen.swift */ = {isa = PBXFileReference; lastKnownFileType = sourcecode.swift; path = ProfileScreen.swift; sourceTree = "<group>"; };
		35EF9A2C278CFEE800E12E2A /* ProfileViewType.swift */ = {isa = PBXFileReference; lastKnownFileType = sourcecode.swift; path = ProfileViewType.swift; sourceTree = "<group>"; };
/* End PBXFileReference section */

/* Begin PBXFrameworksBuildPhase section */
		35A33DFC274677CD005F29D5 /* Frameworks */ = {
			isa = PBXFrameworksBuildPhase;
			buildActionMask = 2147483647;
			files = (
				353CC79927926CF700417E8E /* FirebaseAnalytics in Frameworks */,
				353CC79F27926CF700417E8E /* FirebaseFirestoreSwift-Beta in Frameworks */,
				353CC79B27926CF700417E8E /* FirebaseAuth in Frameworks */,
				353CC7A127926CF700417E8E /* FirebaseStorage in Frameworks */,
				353CC79D27926CF700417E8E /* FirebaseFirestore in Frameworks */,
				353CC7A427926D4D00417E8E /* GoogleSignIn in Frameworks */,
			);
			runOnlyForDeploymentPostprocessing = 0;
		};
/* End PBXFrameworksBuildPhase section */

/* Begin PBXGroup section */
		35232874276DA8750024E84D /* Firebase */ = {
			isa = PBXGroup;
			children = (
				35232875276DA8890024E84D /* AuthService.swift */,
				3520E248277DBDE900AB7C3A /* DataService.swift */,
				359EB71A27847FA8004B3EA2 /* AnalyticsService.swift */,
			);
			path = Firebase;
			sourceTree = "<group>";
		};
		35232879276F0B5E0024E84D /* Utilities */ = {
			isa = PBXGroup;
			children = (
				3523287A276F0B740024E84D /* ImageManager.swift */,
				359EB73A278BAF4D004B3EA2 /* UIImage+Ext.swift */,
			);
			path = Utilities;
			sourceTree = "<group>";
		};
		353CC74E279266B100417E8E /* Frameworks */ = {
			isa = PBXGroup;
			children = (
				353CC78B2792672200417E8E /* AppAuth.xcframework */,
				353CC7892792672200417E8E /* GoogleSignIn.xcframework */,
				353CC78A2792672200417E8E /* GTMAppAuth.xcframework */,
				353CC78C2792672200417E8E /* GTMSessionFetcher.xcframework */,
				353CC78D2792672200417E8E /* Resources */,
				353CC7862792671300417E8E /* FirebaseStorage */,
				353CC7772792670400417E8E /* abseil.xcframework */,
				353CC7762792670400417E8E /* BoringSSL-GRPC.xcframework */,
				353CC7742792670400417E8E /* FirebaseFirestore.xcframework */,
				353CC7782792670400417E8E /* gRPC-C++.xcframework */,
				353CC7792792670400417E8E /* gRPC-Core.xcframework */,
				353CC7752792670400417E8E /* leveldb-library.xcframework */,
				353CC76E279266BF00417E8E /* FirebaseAuth.xcframework */,
				353CC76F279266BF00417E8E /* GTMSessionFetcher.xcframework */,
				353CC756279266B100417E8E /* FirebaseAnalytics.xcframework */,
				353CC751279266B100417E8E /* FirebaseCore.xcframework */,
				353CC754279266B100417E8E /* FirebaseCoreDiagnostics.xcframework */,
				353CC755279266B100417E8E /* FirebaseInstallations.xcframework */,
				353CC750279266B100417E8E /* GoogleAppMeasurement.xcframework */,
				353CC74F279266B100417E8E /* GoogleAppMeasurementIdentitySupport.xcframework */,
				353CC757279266B100417E8E /* GoogleDataTransport.xcframework */,
				353CC752279266B100417E8E /* GoogleUtilities.xcframework */,
				353CC753279266B100417E8E /* nanopb.xcframework */,
				353CC758279266B100417E8E /* PromisesObjC.xcframework */,
			);
			name = Frameworks;
			sourceTree = "<group>";
		};
		353CC7862792671300417E8E /* FirebaseStorage */ = {
			isa = PBXGroup;
			children = (
				353CC7872792671300417E8E /* FirebaseStorage.xcframework */,
				353CC7882792671300417E8E /* GTMSessionFetcher.xcframework */,
			);
			name = FirebaseStorage;
			path = Firebase/FirebaseStorage;
			sourceTree = "<group>";
		};
		353CC78D2792672200417E8E /* Resources */ = {
			isa = PBXGroup;
			children = (
				353CC78E2792672200417E8E /* GoogleSignIn.bundle */,
			);
			name = Resources;
			path = Firebase/GoogleSignIn/Resources;
			sourceTree = "<group>";
		};
		353CC7A5279271D600417E8E /* Post */ = {
			isa = PBXGroup;
			children = (
				353CC7A8279271EF00417E8E /* Views */,
				353CC7A9279271F300417E8E /* ViewModels */,
				353CC7AA279272E000417E8E /* PostScreen.swift */,
			);
			path = Post;
			sourceTree = "<group>";
		};
		353CC7A8279271EF00417E8E /* Views */ = {
			isa = PBXGroup;
			children = (
				35A33E1A274693E8005F29D5 /* PostView.swift */,
			);
			path = Views;
			sourceTree = "<group>";
		};
		353CC7A9279271F300417E8E /* ViewModels */ = {
			isa = PBXGroup;
			children = (
				353CC7A6279271E700417E8E /* PostViewModel.swift */,
			);
			path = ViewModels;
			sourceTree = "<group>";
		};
		353CC7AE27927DD600417E8E /* Extensions */ = {
			isa = PBXGroup;
			children = (
				353CC7AF27927DE300417E8E /* Task.swift */,
			);
			path = Extensions;
			sourceTree = "<group>";
		};
		356CC65127600CB1002A7B94 /* Services */ = {
			isa = PBXGroup;
			children = (
				35232874276DA8750024E84D /* Firebase */,
				356CC65227600CBB002A7B94 /* SignInProviders */,
			);
			path = Services;
			sourceTree = "<group>";
		};
		356CC65227600CBB002A7B94 /* SignInProviders */ = {
			isa = PBXGroup;
			children = (
				356CC65327600CCA002A7B94 /* SignInWithApple.swift */,
				351DE47E2769553200B75AB3 /* SignInWithGoogle.swift */,
			);
			path = SignInProviders;
			sourceTree = "<group>";
		};
		35882429278BBC4C00167C46 /* UIs */ = {
			isa = PBXGroup;
			children = (
				353CC7A5279271D600417E8E /* Post */,
				35EF9A27278CFE6C00E12E2A /* Profile */,
				3588242A278BBC5400167C46 /* OnBoarding */,
			);
			path = UIs;
			sourceTree = "<group>";
		};
		3588242A278BBC5400167C46 /* OnBoarding */ = {
			isa = PBXGroup;
			children = (
				3588242D278BBF3700167C46 /* Views */,
				3588242E278BBF4300167C46 /* ViewModels */,
				3588242B278BBC8200167C46 /* OnBoardingScreen.swift */,
			);
			path = OnBoarding;
			sourceTree = "<group>";
		};
		3588242D278BBF3700167C46 /* Views */ = {
			isa = PBXGroup;
			children = (
				35B28D43275C29F5009A9EDB /* OnBoardingView.swift */,
				35B28D47275C2D48009A9EDB /* OnBoardingViewPart2.swift */,
				3580C6DB275651C200035AF0 /* SignUpView.swift */,
			);
			path = Views;
			sourceTree = "<group>";
		};
		3588242E278BBF4300167C46 /* ViewModels */ = {
			isa = PBXGroup;
			children = (
				35882427278BBBBE00167C46 /* OnBoardingViewModel.swift */,
			);
			path = ViewModels;
			sourceTree = "<group>";
		};
		35882433278BCC2C00167C46 /* Events */ = {
			isa = PBXGroup;
			children = (
				35882434278BCC3A00167C46 /* EventDispatcher.swift */,
				35882436278BCC5800167C46 /* Events.swift */,
			);
			path = Events;
			sourceTree = "<group>";
		};
		359EB722278A84EE004B3EA2 /* Repositories */ = {
			isa = PBXGroup;
			children = (
				359EB725278A86C0004B3EA2 /* AuthRepository.swift */,
				359EB727278A8798004B3EA2 /* DogGramStorage.swift */,
				359EB736278AA207004B3EA2 /* ImagesRepository.swift */,
				353CC7AC2792754000417E8E /* PostsRepository.swift */,
				359EB730278A9790004B3EA2 /* UsersRepository.swift */,
			);
			path = Repositories;
			sourceTree = "<group>";
		};
		359EB729278A88E6004B3EA2 /* Entities */ = {
			isa = PBXGroup;
			children = (
				3543F7C42790ED490078B386 /* Comment.swift */,
				359EB734278A9FC4004B3EA2 /* Errors.swift */,
				35889FE6278FA25800DF5DE0 /* Post.swift */,
				359EB72A278A88F0004B3EA2 /* User.swift */,
				3588242F278BC56300167C46 /* SignInResult.swift */,
			);
			path = Entities;
			sourceTree = "<group>";
		};
		359EB73C278BB283004B3EA2 /* Module */ = {
			isa = PBXGroup;
			children = (
				359EB73D278BB295004B3EA2 /* AppModule.swift */,
			);
			path = Module;
			sourceTree = "<group>";
		};
		35A33DF6274677CD005F29D5 = {
			isa = PBXGroup;
			children = (
				35A33E01274677CD005F29D5 /* DogGram */,
				35A33E00274677CD005F29D5 /* Products */,
				353CC74E279266B100417E8E /* Frameworks */,
			);
			sourceTree = "<group>";
		};
		35A33E00274677CD005F29D5 /* Products */ = {
			isa = PBXGroup;
			children = (
				35A33DFF274677CD005F29D5 /* DogGram.app */,
			);
			name = Products;
			sourceTree = "<group>";
		};
		35A33E01274677CD005F29D5 /* DogGram */ = {
			isa = PBXGroup;
			children = (
				351DE47D276953A300B75AB3 /* Info.plist */,
				359EB729278A88E6004B3EA2 /* Entities */,
				35882433278BCC2C00167C46 /* Events */,
				353CC7AE27927DD600417E8E /* Extensions */,
				35A33E1527468B8A005F29D5 /* Helpers */,
				35A33E1E2747D876005F29D5 /* Models */,
				359EB73C278BB283004B3EA2 /* Module */,
				356CC65127600CB1002A7B94 /* Services */,
				359EB722278A84EE004B3EA2 /* Repositories */,
				35A33E1227468916005F29D5 /* Views */,
				35882429278BBC4C00167C46 /* UIs */,
				35232879276F0B5E0024E84D /* Utilities */,
				35A33E06274677CD005F29D5 /* Assets.xcassets */,
				35A33E10274687E6005F29D5 /* Launch Screen.storyboard */,
				356CC63C27600576002A7B94 /* GoogleService-Info.plist */,
				35A33E08274677CD005F29D5 /* Preview Content */,
			);
			path = DogGram;
			sourceTree = "<group>";
		};
		35A33E08274677CD005F29D5 /* Preview Content */ = {
			isa = PBXGroup;
			children = (
				35A33E09274677CD005F29D5 /* Preview Assets.xcassets */,
			);
			path = "Preview Content";
			sourceTree = "<group>";
		};
		35A33E1227468916005F29D5 /* Views */ = {
			isa = PBXGroup;
			children = (
				35A33E1327468922005F29D5 /* Screens */,
				35A33E1427468927005F29D5 /* Subviews */,
			);
			path = Views;
			sourceTree = "<group>";
		};
		35A33E1327468922005F29D5 /* Screens */ = {
			isa = PBXGroup;
			children = (
				35A33E2F274A160F005F29D5 /* BrowseView.swift */,
				35A33E232747DE25005F29D5 /* CommentsView.swift */,
				35A33E04274677CD005F29D5 /* ContentView.swift */,
				35A33E02274677CD005F29D5 /* DogGramApp.swift */,
				35A33E1827468C8C005F29D5 /* FeedView.swift */,
				35A33E37274A2423005F29D5 /* ImagePicker.swift */,
				356B9C62274E73B400543EF3 /* PostImageView.swift */,
				3580C6D12755135900035AF0 /* SettingsView.swift */,
				3580C6D7275647AF00035AF0 /* SettingsEditTextView.swift */,
				3580C6D927564B6400035AF0 /* SettingsEditImageView.swift */,
				359EB71C27890B07004B3EA2 /* SettingsFeedbackView.swift */,
				35A33E35274A21A0005F29D5 /* UploadView.swift */,
			);
			path = Screens;
			sourceTree = "<group>";
		};
		35A33E1427468927005F29D5 /* Subviews */ = {
			isa = PBXGroup;
			children = (
				35A33E31274A16AA005F29D5 /* CarouselView.swift */,
				35A33E33274A1C3A005F29D5 /* ImageGridView.swift */,
				3520E24A277FD53100AB7C3A /* LazyView.swift */,
				35B28D49275CE73B009A9EDB /* LikeAnimationView.swift */,
				359EB71E27890FFC004B3EA2 /* LoggedInGuard.swift */,
				35A33E252747E060005F29D5 /* MessageView.swift */,
				356B9C66274E7A1A00543EF3 /* ProfileHeaderView.swift */,
				3580C6D3275514D800035AF0 /* SettingsLabelView.swift */,
				3580C6D527563F0900035AF0 /* SettingsRowView.swift */,
				35B28D45275C2B98009A9EDB /* SignInWithAppleButtonCustom.swift */,
				359EB72027891571004B3EA2 /* UnlikeAnimationView.swift */,
			);
			path = Subviews;
			sourceTree = "<group>";
		};
		35A33E1527468B8A005F29D5 /* Helpers */ = {
			isa = PBXGroup;
			children = (
				35A33E1627468B9D005F29D5 /* Extensions.swift */,
				35232877276DB51E0024E84D /* EnumsAndStructs.swift */,
			);
			path = Helpers;
			sourceTree = "<group>";
		};
		35A33E1E2747D876005F29D5 /* Models */ = {
			isa = PBXGroup;
			children = (
				35A33E1F2747D884005F29D5 /* PostModel.swift */,
				35A33E212747DACD005F29D5 /* PostArrayObject.swift */,
				35A33E272747E193005F29D5 /* CommentModel.swift */,
			);
			path = Models;
			sourceTree = "<group>";
		};
		35EF9A27278CFE6C00E12E2A /* Profile */ = {
			isa = PBXGroup;
			children = (
				35EF9A28278CFE7300E12E2A /* Views */,
				35EF9A29278CFE7900E12E2A /* ViewModels */,
				35EF9A2A278CFE9500E12E2A /* ProfileScreen.swift */,
				35EF9A2C278CFEE800E12E2A /* ProfileViewType.swift */,
			);
			path = Profile;
			sourceTree = "<group>";
		};
		35EF9A28278CFE7300E12E2A /* Views */ = {
			isa = PBXGroup;
			children = (
				356B9C64274E78FD00543EF3 /* ProfileView.swift */,
			);
			path = Views;
			sourceTree = "<group>";
		};
		35EF9A29278CFE7900E12E2A /* ViewModels */ = {
			isa = PBXGroup;
			children = (
				35882425278BB82700167C46 /* ProfileViewModel.swift */,
			);
			path = ViewModels;
			sourceTree = "<group>";
		};
/* End PBXGroup section */

/* Begin PBXNativeTarget section */
		35A33DFE274677CD005F29D5 /* DogGram */ = {
			isa = PBXNativeTarget;
			buildConfigurationList = 35A33E0D274677CD005F29D5 /* Build configuration list for PBXNativeTarget "DogGram" */;
			buildPhases = (
				35A33DFB274677CD005F29D5 /* Sources */,
				35A33DFC274677CD005F29D5 /* Frameworks */,
				35A33DFD274677CD005F29D5 /* Resources */,
			);
			buildRules = (
			);
			dependencies = (
			);
			name = DogGram;
			packageProductDependencies = (
				353CC79827926CF700417E8E /* FirebaseAnalytics */,
				353CC79A27926CF700417E8E /* FirebaseAuth */,
				353CC79C27926CF700417E8E /* FirebaseFirestore */,
				353CC79E27926CF700417E8E /* FirebaseFirestoreSwift-Beta */,
				353CC7A027926CF700417E8E /* FirebaseStorage */,
				353CC7A327926D4D00417E8E /* GoogleSignIn */,
			);
			productName = DogGram;
			productReference = 35A33DFF274677CD005F29D5 /* DogGram.app */;
			productType = "com.apple.product-type.application";
		};
/* End PBXNativeTarget section */

/* Begin PBXProject section */
		35A33DF7274677CD005F29D5 /* Project object */ = {
			isa = PBXProject;
			attributes = {
				BuildIndependentTargetsInParallel = 1;
				LastSwiftUpdateCheck = 1310;
				LastUpgradeCheck = 1310;
				TargetAttributes = {
					35A33DFE274677CD005F29D5 = {
						CreatedOnToolsVersion = 13.1;
					};
				};
			};
			buildConfigurationList = 35A33DFA274677CD005F29D5 /* Build configuration list for PBXProject "DogGram" */;
			compatibilityVersion = "Xcode 13.0";
			developmentRegion = en;
			hasScannedForEncodings = 0;
			knownRegions = (
				en,
				Base,
			);
			mainGroup = 35A33DF6274677CD005F29D5;
			packageReferences = (
				353CC79727926CF700417E8E /* XCRemoteSwiftPackageReference "firebase-ios-sdk" */,
				353CC7A227926D4C00417E8E /* XCRemoteSwiftPackageReference "GoogleSignIn-iOS" */,
			);
			productRefGroup = 35A33E00274677CD005F29D5 /* Products */;
			projectDirPath = "";
			projectRoot = "";
			targets = (
				35A33DFE274677CD005F29D5 /* DogGram */,
			);
		};
/* End PBXProject section */

/* Begin PBXResourcesBuildPhase section */
		35A33DFD274677CD005F29D5 /* Resources */ = {
			isa = PBXResourcesBuildPhase;
			buildActionMask = 2147483647;
			files = (
				35A33E11274687E6005F29D5 /* Launch Screen.storyboard in Resources */,
				356CC63D27600576002A7B94 /* GoogleService-Info.plist in Resources */,
				35A33E0A274677CD005F29D5 /* Preview Assets.xcassets in Resources */,
				35A33E07274677CD005F29D5 /* Assets.xcassets in Resources */,
			);
			runOnlyForDeploymentPostprocessing = 0;
		};
/* End PBXResourcesBuildPhase section */

/* Begin PBXSourcesBuildPhase section */
		35A33DFB274677CD005F29D5 /* Sources */ = {
			isa = PBXSourcesBuildPhase;
			buildActionMask = 2147483647;
			files = (
				35882430278BC56300167C46 /* SignInResult.swift in Sources */,
				353CC7B027927DE300417E8E /* Task.swift in Sources */,
				35882435278BCC3A00167C46 /* EventDispatcher.swift in Sources */,
				35EF9A2D278CFEE800E12E2A /* ProfileViewType.swift in Sources */,
				35A33E1927468C8C005F29D5 /* FeedView.swift in Sources */,
				35232876276DA8890024E84D /* AuthService.swift in Sources */,
				359EB71B27847FA8004B3EA2 /* AnalyticsService.swift in Sources */,
				35B28D46275C2B98009A9EDB /* SignInWithAppleButtonCustom.swift in Sources */,
				35882437278BCC5800167C46 /* Events.swift in Sources */,
				35232878276DB51E0024E84D /* EnumsAndStructs.swift in Sources */,
				35A33E202747D884005F29D5 /* PostModel.swift in Sources */,
				3580C6D4275514D800035AF0 /* SettingsLabelView.swift in Sources */,
				359EB731278A9790004B3EA2 /* UsersRepository.swift in Sources */,
				35B28D44275C29F5009A9EDB /* OnBoardingView.swift in Sources */,
				356B9C63274E73B400543EF3 /* PostImageView.swift in Sources */,
				359EB726278A86C0004B3EA2 /* AuthRepository.swift in Sources */,
				3580C6DC275651C200035AF0 /* SignUpView.swift in Sources */,
				3543F7C52790ED490078B386 /* Comment.swift in Sources */,
				3523287B276F0B740024E84D /* ImageManager.swift in Sources */,
				35A33E05274677CD005F29D5 /* ContentView.swift in Sources */,
				35A33E262747E060005F29D5 /* MessageView.swift in Sources */,
				35889FE7278FA25800DF5DE0 /* Post.swift in Sources */,
				359EB735278A9FC4004B3EA2 /* Errors.swift in Sources */,
				359EB737278AA207004B3EA2 /* ImagesRepository.swift in Sources */,
				35A33E1727468B9D005F29D5 /* Extensions.swift in Sources */,
				353CC7A7279271E700417E8E /* PostViewModel.swift in Sources */,
				3520E24B277FD53100AB7C3A /* LazyView.swift in Sources */,
				359EB728278A8798004B3EA2 /* DogGramStorage.swift in Sources */,
				35A33E222747DACD005F29D5 /* PostArrayObject.swift in Sources */,
				35A33E34274A1C3A005F29D5 /* ImageGridView.swift in Sources */,
				356CC65427600CCA002A7B94 /* SignInWithApple.swift in Sources */,
				359EB72B278A88F0004B3EA2 /* User.swift in Sources */,
				35A33E1B274693E8005F29D5 /* PostView.swift in Sources */,
				356B9C65274E78FD00543EF3 /* ProfileView.swift in Sources */,
				3588242C278BBC8200167C46 /* OnBoardingScreen.swift in Sources */,
				35B28D4A275CE73B009A9EDB /* LikeAnimationView.swift in Sources */,
				35A33E30274A160F005F29D5 /* BrowseView.swift in Sources */,
				35A33E282747E193005F29D5 /* CommentModel.swift in Sources */,
				3580C6DA27564B6400035AF0 /* SettingsEditImageView.swift in Sources */,
				35A33E242747DE25005F29D5 /* CommentsView.swift in Sources */,
				356B9C67274E7A1A00543EF3 /* ProfileHeaderView.swift in Sources */,
				35A33E36274A21A0005F29D5 /* UploadView.swift in Sources */,
				351DE47F2769553200B75AB3 /* SignInWithGoogle.swift in Sources */,
				35A33E38274A2423005F29D5 /* ImagePicker.swift in Sources */,
				359EB71D27890B07004B3EA2 /* SettingsFeedbackView.swift in Sources */,
				35A33E32274A16AA005F29D5 /* CarouselView.swift in Sources */,
				353CC7AD2792754000417E8E /* PostsRepository.swift in Sources */,
				35A33E03274677CD005F29D5 /* DogGramApp.swift in Sources */,
				359EB73E278BB295004B3EA2 /* AppModule.swift in Sources */,
				359EB72127891571004B3EA2 /* UnlikeAnimationView.swift in Sources */,
				35882426278BB82700167C46 /* ProfileViewModel.swift in Sources */,
				359EB71F27890FFC004B3EA2 /* LoggedInGuard.swift in Sources */,
				35B28D48275C2D48009A9EDB /* OnBoardingViewPart2.swift in Sources */,
				3580C6D22755135900035AF0 /* SettingsView.swift in Sources */,
				353CC7AB279272E000417E8E /* PostScreen.swift in Sources */,
				3580C6D8275647AF00035AF0 /* SettingsEditTextView.swift in Sources */,
				35EF9A2B278CFE9500E12E2A /* ProfileScreen.swift in Sources */,
				3580C6D627563F0900035AF0 /* SettingsRowView.swift in Sources */,
				35882428278BBBBE00167C46 /* OnBoardingViewModel.swift in Sources */,
				359EB73B278BAF4D004B3EA2 /* UIImage+Ext.swift in Sources */,
				3520E249277DBDE900AB7C3A /* DataService.swift in Sources */,
			);
			runOnlyForDeploymentPostprocessing = 0;
		};
/* End PBXSourcesBuildPhase section */

/* Begin XCBuildConfiguration section */
		35A33E0B274677CD005F29D5 /* Debug */ = {
			isa = XCBuildConfiguration;
			buildSettings = {
				ALWAYS_SEARCH_USER_PATHS = NO;
				CLANG_ANALYZER_NONNULL = YES;
				CLANG_ANALYZER_NUMBER_OBJECT_CONVERSION = YES_AGGRESSIVE;
				CLANG_CXX_LANGUAGE_STANDARD = "gnu++17";
				CLANG_CXX_LIBRARY = "libc++";
				CLANG_ENABLE_MODULES = YES;
				CLANG_ENABLE_OBJC_ARC = YES;
				CLANG_ENABLE_OBJC_WEAK = YES;
				CLANG_WARN_BLOCK_CAPTURE_AUTORELEASING = YES;
				CLANG_WARN_BOOL_CONVERSION = YES;
				CLANG_WARN_COMMA = YES;
				CLANG_WARN_CONSTANT_CONVERSION = YES;
				CLANG_WARN_DEPRECATED_OBJC_IMPLEMENTATIONS = YES;
				CLANG_WARN_DIRECT_OBJC_ISA_USAGE = YES_ERROR;
				CLANG_WARN_DOCUMENTATION_COMMENTS = YES;
				CLANG_WARN_EMPTY_BODY = YES;
				CLANG_WARN_ENUM_CONVERSION = YES;
				CLANG_WARN_INFINITE_RECURSION = YES;
				CLANG_WARN_INT_CONVERSION = YES;
				CLANG_WARN_NON_LITERAL_NULL_CONVERSION = YES;
				CLANG_WARN_OBJC_IMPLICIT_RETAIN_SELF = YES;
				CLANG_WARN_OBJC_LITERAL_CONVERSION = YES;
				CLANG_WARN_OBJC_ROOT_CLASS = YES_ERROR;
				CLANG_WARN_QUOTED_INCLUDE_IN_FRAMEWORK_HEADER = YES;
				CLANG_WARN_RANGE_LOOP_ANALYSIS = YES;
				CLANG_WARN_STRICT_PROTOTYPES = YES;
				CLANG_WARN_SUSPICIOUS_MOVE = YES;
				CLANG_WARN_UNGUARDED_AVAILABILITY = YES_AGGRESSIVE;
				CLANG_WARN_UNREACHABLE_CODE = YES;
				CLANG_WARN__DUPLICATE_METHOD_MATCH = YES;
				COPY_PHASE_STRIP = NO;
				DEBUG_INFORMATION_FORMAT = dwarf;
				ENABLE_STRICT_OBJC_MSGSEND = YES;
				ENABLE_TESTABILITY = YES;
				GCC_C_LANGUAGE_STANDARD = gnu11;
				GCC_DYNAMIC_NO_PIC = NO;
				GCC_NO_COMMON_BLOCKS = YES;
				GCC_OPTIMIZATION_LEVEL = 0;
				GCC_PREPROCESSOR_DEFINITIONS = (
					"DEBUG=1",
					"$(inherited)",
				);
				GCC_WARN_64_TO_32_BIT_CONVERSION = YES;
				GCC_WARN_ABOUT_RETURN_TYPE = YES_ERROR;
				GCC_WARN_UNDECLARED_SELECTOR = YES;
				GCC_WARN_UNINITIALIZED_AUTOS = YES_AGGRESSIVE;
				GCC_WARN_UNUSED_FUNCTION = YES;
				GCC_WARN_UNUSED_VARIABLE = YES;
				IPHONEOS_DEPLOYMENT_TARGET = 15.0;
				MTL_ENABLE_DEBUG_INFO = INCLUDE_SOURCE;
				MTL_FAST_MATH = YES;
				ONLY_ACTIVE_ARCH = YES;
				OTHER_LDFLAGS = "${inherited}";
				SDKROOT = iphoneos;
				SWIFT_ACTIVE_COMPILATION_CONDITIONS = DEBUG;
				SWIFT_OPTIMIZATION_LEVEL = "-Onone";
			};
			name = Debug;
		};
		35A33E0C274677CD005F29D5 /* Release */ = {
			isa = XCBuildConfiguration;
			buildSettings = {
				ALWAYS_SEARCH_USER_PATHS = NO;
				CLANG_ANALYZER_NONNULL = YES;
				CLANG_ANALYZER_NUMBER_OBJECT_CONVERSION = YES_AGGRESSIVE;
				CLANG_CXX_LANGUAGE_STANDARD = "gnu++17";
				CLANG_CXX_LIBRARY = "libc++";
				CLANG_ENABLE_MODULES = YES;
				CLANG_ENABLE_OBJC_ARC = YES;
				CLANG_ENABLE_OBJC_WEAK = YES;
				CLANG_WARN_BLOCK_CAPTURE_AUTORELEASING = YES;
				CLANG_WARN_BOOL_CONVERSION = YES;
				CLANG_WARN_COMMA = YES;
				CLANG_WARN_CONSTANT_CONVERSION = YES;
				CLANG_WARN_DEPRECATED_OBJC_IMPLEMENTATIONS = YES;
				CLANG_WARN_DIRECT_OBJC_ISA_USAGE = YES_ERROR;
				CLANG_WARN_DOCUMENTATION_COMMENTS = YES;
				CLANG_WARN_EMPTY_BODY = YES;
				CLANG_WARN_ENUM_CONVERSION = YES;
				CLANG_WARN_INFINITE_RECURSION = YES;
				CLANG_WARN_INT_CONVERSION = YES;
				CLANG_WARN_NON_LITERAL_NULL_CONVERSION = YES;
				CLANG_WARN_OBJC_IMPLICIT_RETAIN_SELF = YES;
				CLANG_WARN_OBJC_LITERAL_CONVERSION = YES;
				CLANG_WARN_OBJC_ROOT_CLASS = YES_ERROR;
				CLANG_WARN_QUOTED_INCLUDE_IN_FRAMEWORK_HEADER = YES;
				CLANG_WARN_RANGE_LOOP_ANALYSIS = YES;
				CLANG_WARN_STRICT_PROTOTYPES = YES;
				CLANG_WARN_SUSPICIOUS_MOVE = YES;
				CLANG_WARN_UNGUARDED_AVAILABILITY = YES_AGGRESSIVE;
				CLANG_WARN_UNREACHABLE_CODE = YES;
				CLANG_WARN__DUPLICATE_METHOD_MATCH = YES;
				COPY_PHASE_STRIP = NO;
				DEBUG_INFORMATION_FORMAT = "dwarf-with-dsym";
				ENABLE_NS_ASSERTIONS = NO;
				ENABLE_STRICT_OBJC_MSGSEND = YES;
				GCC_C_LANGUAGE_STANDARD = gnu11;
				GCC_NO_COMMON_BLOCKS = YES;
				GCC_WARN_64_TO_32_BIT_CONVERSION = YES;
				GCC_WARN_ABOUT_RETURN_TYPE = YES_ERROR;
				GCC_WARN_UNDECLARED_SELECTOR = YES;
				GCC_WARN_UNINITIALIZED_AUTOS = YES_AGGRESSIVE;
				GCC_WARN_UNUSED_FUNCTION = YES;
				GCC_WARN_UNUSED_VARIABLE = YES;
				IPHONEOS_DEPLOYMENT_TARGET = 15.0;
				MTL_ENABLE_DEBUG_INFO = NO;
				MTL_FAST_MATH = YES;
				OTHER_LDFLAGS = "${inherited}";
				SDKROOT = iphoneos;
				SWIFT_COMPILATION_MODE = wholemodule;
				SWIFT_OPTIMIZATION_LEVEL = "-O";
				VALIDATE_PRODUCT = YES;
			};
			name = Release;
		};
		35A33E0E274677CD005F29D5 /* Debug */ = {
			isa = XCBuildConfiguration;
			buildSettings = {
				ASSETCATALOG_COMPILER_APPICON_NAME = AppIcon;
				ASSETCATALOG_COMPILER_GLOBAL_ACCENT_COLOR_NAME = AccentColor;
				CODE_SIGN_ENTITLEMENTS = DogGram/DogGram.entitlements;
				CODE_SIGN_STYLE = Automatic;
				CURRENT_PROJECT_VERSION = 1;
				DEVELOPMENT_ASSET_PATHS = "\"DogGram/Preview Content\"";
				DEVELOPMENT_TEAM = "";
				ENABLE_PREVIEWS = YES;
				GENERATE_INFOPLIST_FILE = YES;
				INFOPLIST_FILE = DogGram/Info.plist;
				INFOPLIST_KEY_NSCameraUsageDescription = "To upload photos";
				INFOPLIST_KEY_NSPhotoLibraryUsageDescription = "To upload photos";
				INFOPLIST_KEY_UIApplicationSceneManifest_Generation = YES;
				INFOPLIST_KEY_UIApplicationSupportsIndirectInputEvents = YES;
				INFOPLIST_KEY_UILaunchScreen_Generation = YES;
				INFOPLIST_KEY_UILaunchStoryboardName = "Launch Screen";
				INFOPLIST_KEY_UISupportedInterfaceOrientations_iPad = "UIInterfaceOrientationPortrait UIInterfaceOrientationPortraitUpsideDown UIInterfaceOrientationLandscapeLeft UIInterfaceOrientationLandscapeRight";
				INFOPLIST_KEY_UISupportedInterfaceOrientations_iPhone = "UIInterfaceOrientationPortrait UIInterfaceOrientationLandscapeLeft UIInterfaceOrientationLandscapeRight";
				LD_RUNPATH_SEARCH_PATHS = (
					"$(inherited)",
					"@executable_path/Frameworks",
				);
				MARKETING_VERSION = 1.0;
				OTHER_LDFLAGS = "-ObjC";
				PRODUCT_BUNDLE_IDENTIFIER = com.github.naodroid.DogGram;
				PRODUCT_NAME = "$(TARGET_NAME)";
				SWIFT_EMIT_LOC_STRINGS = YES;
				SWIFT_VERSION = 5.0;
				TARGETED_DEVICE_FAMILY = "1,2";
			};
			name = Debug;
		};
		35A33E0F274677CD005F29D5 /* Release */ = {
			isa = XCBuildConfiguration;
			buildSettings = {
				ASSETCATALOG_COMPILER_APPICON_NAME = AppIcon;
				ASSETCATALOG_COMPILER_GLOBAL_ACCENT_COLOR_NAME = AccentColor;
				CODE_SIGN_ENTITLEMENTS = DogGram/DogGram.entitlements;
				CODE_SIGN_STYLE = Automatic;
				CURRENT_PROJECT_VERSION = 1;
				DEVELOPMENT_ASSET_PATHS = "\"DogGram/Preview Content\"";
				DEVELOPMENT_TEAM = "";
				ENABLE_PREVIEWS = YES;
				GENERATE_INFOPLIST_FILE = YES;
				INFOPLIST_FILE = DogGram/Info.plist;
				INFOPLIST_KEY_NSCameraUsageDescription = "To upload photos";
				INFOPLIST_KEY_NSPhotoLibraryUsageDescription = "To upload photos";
				INFOPLIST_KEY_UIApplicationSceneManifest_Generation = YES;
				INFOPLIST_KEY_UIApplicationSupportsIndirectInputEvents = YES;
				INFOPLIST_KEY_UILaunchScreen_Generation = YES;
				INFOPLIST_KEY_UILaunchStoryboardName = "Launch Screen";
				INFOPLIST_KEY_UISupportedInterfaceOrientations_iPad = "UIInterfaceOrientationPortrait UIInterfaceOrientationPortraitUpsideDown UIInterfaceOrientationLandscapeLeft UIInterfaceOrientationLandscapeRight";
				INFOPLIST_KEY_UISupportedInterfaceOrientations_iPhone = "UIInterfaceOrientationPortrait UIInterfaceOrientationLandscapeLeft UIInterfaceOrientationLandscapeRight";
				LD_RUNPATH_SEARCH_PATHS = (
					"$(inherited)",
					"@executable_path/Frameworks",
				);
				MARKETING_VERSION = 1.0;
				OTHER_LDFLAGS = "-ObjC";
				PRODUCT_BUNDLE_IDENTIFIER = com.github.naodroid.DogGram;
				PRODUCT_NAME = "$(TARGET_NAME)";
				SWIFT_EMIT_LOC_STRINGS = YES;
				SWIFT_VERSION = 5.0;
				TARGETED_DEVICE_FAMILY = "1,2";
			};
			name = Release;
		};
/* End XCBuildConfiguration section */

/* Begin XCConfigurationList section */
		35A33DFA274677CD005F29D5 /* Build configuration list for PBXProject "DogGram" */ = {
			isa = XCConfigurationList;
			buildConfigurations = (
				35A33E0B274677CD005F29D5 /* Debug */,
				35A33E0C274677CD005F29D5 /* Release */,
			);
			defaultConfigurationIsVisible = 0;
			defaultConfigurationName = Release;
		};
		35A33E0D274677CD005F29D5 /* Build configuration list for PBXNativeTarget "DogGram" */ = {
			isa = XCConfigurationList;
			buildConfigurations = (
				35A33E0E274677CD005F29D5 /* Debug */,
				35A33E0F274677CD005F29D5 /* Release */,
			);
			defaultConfigurationIsVisible = 0;
			defaultConfigurationName = Release;
		};
/* End XCConfigurationList section */

/* Begin XCRemoteSwiftPackageReference section */
		353CC79727926CF700417E8E /* XCRemoteSwiftPackageReference "firebase-ios-sdk" */ = {
			isa = XCRemoteSwiftPackageReference;
			repositoryURL = "https://github.com/firebase/firebase-ios-sdk";
			requirement = {
				kind = upToNextMajorVersion;
				minimumVersion = 8.0.0;
			};
		};
		353CC7A227926D4C00417E8E /* XCRemoteSwiftPackageReference "GoogleSignIn-iOS" */ = {
			isa = XCRemoteSwiftPackageReference;
			repositoryURL = "https://github.com/google/GoogleSignIn-iOS/";
			requirement = {
				kind = upToNextMajorVersion;
				minimumVersion = 6.0.0;
			};
		};
/* End XCRemoteSwiftPackageReference section */

/* Begin XCSwiftPackageProductDependency section */
		353CC79827926CF700417E8E /* FirebaseAnalytics */ = {
			isa = XCSwiftPackageProductDependency;
			package = 353CC79727926CF700417E8E /* XCRemoteSwiftPackageReference "firebase-ios-sdk" */;
			productName = FirebaseAnalytics;
		};
		353CC79A27926CF700417E8E /* FirebaseAuth */ = {
			isa = XCSwiftPackageProductDependency;
			package = 353CC79727926CF700417E8E /* XCRemoteSwiftPackageReference "firebase-ios-sdk" */;
			productName = FirebaseAuth;
		};
		353CC79C27926CF700417E8E /* FirebaseFirestore */ = {
			isa = XCSwiftPackageProductDependency;
			package = 353CC79727926CF700417E8E /* XCRemoteSwiftPackageReference "firebase-ios-sdk" */;
			productName = FirebaseFirestore;
		};
		353CC79E27926CF700417E8E /* FirebaseFirestoreSwift-Beta */ = {
			isa = XCSwiftPackageProductDependency;
			package = 353CC79727926CF700417E8E /* XCRemoteSwiftPackageReference "firebase-ios-sdk" */;
			productName = "FirebaseFirestoreSwift-Beta";
		};
		353CC7A027926CF700417E8E /* FirebaseStorage */ = {
			isa = XCSwiftPackageProductDependency;
			package = 353CC79727926CF700417E8E /* XCRemoteSwiftPackageReference "firebase-ios-sdk" */;
			productName = FirebaseStorage;
		};
		353CC7A327926D4D00417E8E /* GoogleSignIn */ = {
			isa = XCSwiftPackageProductDependency;
			package = 353CC7A227926D4C00417E8E /* XCRemoteSwiftPackageReference "GoogleSignIn-iOS" */;
			productName = GoogleSignIn;
		};
/* End XCSwiftPackageProductDependency section */
	};
	rootObject = 35A33DF7274677CD005F29D5 /* Project object */;
}
